
Microsoft Visual Studio Solution File, Format Version 12.00
# Visual Studio Version 17
VisualStudioVersion = 17.0.31903.59
MinimumVisualStudioVersion = 10.0.40219.1
Project("{2150E333-8FDC-42A3-9474-1A3956D46DE8}") = "src", "src", "{827E0CD3-B72D-47B6-A68D-7590B98EB39B}"
EndProject
Project("{FAE04EC0-301F-11D3-BF4B-00C04F79EFBC}") = "GGDealsWishlist", "src\GGDealsWishlist\GGDealsWishlist.csproj", "{B0E82D1B-F82A-4FAC-B47E-68443D6E458D}"
EndProject
Project("{2150E333-8FDC-42A3-9474-1A3956D46DE8}") = "tests", "tests", "{0AB3BF05-4346-4AA6-1389-037BE0695223}"
EndProject
Project("{FAE04EC0-301F-11D3-BF4B-00C04F79EFBC}") = "GGDealsWishlist.Tests", "tests\GGDealsWishlist.Tests\GGDealsWishlist.Tests.csproj", "{9C5144B2-3183-4987-A139-8E49D89393C1}"
EndProject
Project("{2150E333-8FDC-42A3-9474-1A3956D46DE8}") = "tools", "tools", "{07C2787E-EAC7-C090-1BA3-A61EC2A24D84}"
EndProject
Project("{FAE04EC0-301F-11D3-BF4B-00C04F79EFBC}") = "PreviewApp", "tools\PreviewApp\PreviewApp.csproj", "{37C19184-EDA7-4FCD-89DB-F5F445605439}"
EndProject
Global
	GlobalSection(SolutionConfigurationPlatforms) = preSolution
		Debug|Any CPU = Debug|Any CPU
		Debug|x64 = Debug|x64
		Debug|x86 = Debug|x86
		Release|Any CPU = Release|Any CPU
		Release|x64 = Release|x64
		Release|x86 = Release|x86
	EndGlobalSection
	GlobalSection(ProjectConfigurationPlatforms) = postSolution
		{B0E82D1B-F82A-4FAC-B47E-68443D6E458D}.Debug|Any CPU.ActiveCfg = Debug|Any CPU
		{B0E82D1B-F82A-4FAC-B47E-68443D6E458D}.Debug|Any CPU.Build.0 = Debug|Any CPU
		{B0E82D1B-F82A-4FAC-B47E-68443D6E458D}.Debug|x64.ActiveCfg = Debug|Any CPU
		{B0E82D1B-F82A-4FAC-B47E-68443D6E458D}.Debug|x64.Build.0 = Debug|Any CPU
		{B0E82D1B-F82A-4FAC-B47E-68443D6E458D}.Debug|x86.ActiveCfg = Debug|Any CPU
		{B0E82D1B-F82A-4FAC-B47E-68443D6E458D}.Debug|x86.Build.0 = Debug|Any CPU
		{B0E82D1B-F82A-4FAC-B47E-68443D6E458D}.Release|Any CPU.ActiveCfg = Release|Any CPU
		{B0E82D1B-F82A-4FAC-B47E-68443D6E458D}.Release|Any CPU.Build.0 = Release|Any CPU
		{B0E82D1B-F82A-4FAC-B47E-68443D6E458D}.Release|x64.ActiveCfg = Release|Any CPU
		{B0E82D1B-F82A-4FAC-B47E-68443D6E458D}.Release|x64.Build.0 = Release|Any CPU
		{B0E82D1B-F82A-4FAC-B47E-68443D6E458D}.Release|x86.ActiveCfg = Release|Any CPU
		{B0E82D1B-F82A-4FAC-B47E-68443D6E458D}.Release|x86.Build.0 = Release|Any CPU
		{9C5144B2-3183-4987-A139-8E49D89393C1}.Debug|Any CPU.ActiveCfg = Debug|Any CPU
		{9C5144B2-3183-4987-A139-8E49D89393C1}.Debug|Any CPU.Build.0 = Debug|Any CPU
		{9C5144B2-3183-4987-A139-8E49D89393C1}.Debug|x64.ActiveCfg = Debug|Any CPU
		{9C5144B2-3183-4987-A139-8E49D89393C1}.Debug|x64.Build.0 = Debug|Any CPU
		{9C5144B2-3183-4987-A139-8E49D89393C1}.Debug|x86.ActiveCfg = Debug|Any CPU
		{9C5144B2-3183-4987-A139-8E49D89393C1}.Debug|x86.Build.0 = Debug|Any CPU
		{9C5144B2-3183-4987-A139-8E49D89393C1}.Release|Any CPU.ActiveCfg = Release|Any CPU
		{9C5144B2-3183-4987-A139-8E49D89393C1}.Release|Any CPU.Build.0 = Release|Any CPU
		{9C5144B2-3183-4987-A139-8E49D89393C1}.Release|x64.ActiveCfg = Release|Any CPU
		{9C5144B2-3183-4987-A139-8E49D89393C1}.Release|x64.Build.0 = Release|Any CPU
		{9C5144B2-3183-4987-A139-8E49D89393C1}.Release|x86.ActiveCfg = Release|Any CPU
		{9C5144B2-3183-4987-A139-8E49D89393C1}.Release|x86.Build.0 = Release|Any CPU
		{37C19184-EDA7-4FCD-89DB-F5F445605439}.Debug|Any CPU.ActiveCfg = Debug|Any CPU
		{37C19184-EDA7-4FCD-89DB-F5F445605439}.Debug|Any CPU.Build.0 = Debug|Any CPU
		{37C19184-EDA7-4FCD-89DB-F5F445605439}.Debug|x64.ActiveCfg = Debug|Any CPU
		{37C19184-EDA7-4FCD-89DB-F5F445605439}.Debug|x64.Build.0 = Debug|Any CPU
		{37C19184-EDA7-4FCD-89DB-F5F445605439}.Debug|x86.ActiveCfg = Debug|Any CPU
		{37C19184-EDA7-4FCD-89DB-F5F445605439}.Debug|x86.Build.0 = Debug|Any CPU
		{37C19184-EDA7-4FCD-89DB-F5F445605439}.Release|Any CPU.ActiveCfg = Release|Any CPU
		{37C19184-EDA7-4FCD-89DB-F5F445605439}.Release|Any CPU.Build.0 = Release|Any CPU
		{37C19184-EDA7-4FCD-89DB-F5F445605439}.Release|x64.ActiveCfg = Release|Any CPU
		{37C19184-EDA7-4FCD-89DB-F5F445605439}.Release|x64.Build.0 = Release|Any CPU
		{37C19184-EDA7-4FCD-89DB-F5F445605439}.Release|x86.ActiveCfg = Release|Any CPU
		{37C19184-EDA7-4FCD-89DB-F5F445605439}.Release|x86.Build.0 = Release|Any CPU
	EndGlobalSection
	GlobalSection(SolutionProperties) = preSolution
		HideSolutionNode = FALSE
	EndGlobalSection
	GlobalSection(NestedProjects) = preSolution
		{B0E82D1B-F82A-4FAC-B47E-68443D6E458D} = {827E0CD3-B72D-47B6-A68D-7590B98EB39B}
		{9C5144B2-3183-4987-A139-8E49D89393C1} = {0AB3BF05-4346-4AA6-1389-037BE0695223}
		{37C19184-EDA7-4FCD-89DB-F5F445605439} = {07C2787E-EAC7-C090-1BA3-A61EC2A24D84}
	EndGlobalSection
EndGlobal
